// !$*UTF8*$!
{
	archiveVersion = 1;
	classes = {
	};
	objectVersion = 46;
	objects = {

/* Begin PBXBuildFile section */
		37FA07511BAD235500D682DB /* AppDelegate.swift in Sources */ = {isa = PBXBuildFile; fileRef = 37FA07501BAD235500D682DB /* AppDelegate.swift */; };
		37FA07531BAD235500D682DB /* ViewController.swift in Sources */ = {isa = PBXBuildFile; fileRef = 37FA07521BAD235500D682DB /* ViewController.swift */; };
		37FA07551BAD235500D682DB /* Assets.xcassets in Resources */ = {isa = PBXBuildFile; fileRef = 37FA07541BAD235500D682DB /* Assets.xcassets */; };
		37FA07581BAD235500D682DB /* Main.storyboard in Resources */ = {isa = PBXBuildFile; fileRef = 37FA07561BAD235500D682DB /* Main.storyboard */; };
/* End PBXBuildFile section */

/* Begin PBXFileReference section */
		37FA074D1BAD235500D682DB /* DopplMotion.app */ = {isa = PBXFileReference; explicitFileType = wrapper.application; includeInIndex = 0; path = DopplMotion.app; sourceTree = BUILT_PRODUCTS_DIR; };
		37FA07501BAD235500D682DB /* AppDelegate.swift */ = {isa = PBXFileReference; lastKnownFileType = sourcecode.swift; path = AppDelegate.swift; sourceTree = "<group>"; };
		37FA07521BAD235500D682DB /* ViewController.swift */ = {isa = PBXFileReference; lastKnownFileType = sourcecode.swift; path = ViewController.swift; sourceTree = "<group>"; };
		37FA07541BAD235500D682DB /* Assets.xcassets */ = {isa = PBXFileReference; lastKnownFileType = folder.assetcatalog; path = Assets.xcassets; sourceTree = "<group>"; };
		37FA07571BAD235500D682DB /* Base */ = {isa = PBXFileReference; lastKnownFileType = file.storyboard; name = Base; path = Base.lproj/Main.storyboard; sourceTree = "<group>"; };
		37FA07591BAD235500D682DB /* Info.plist */ = {isa = PBXFileReference; lastKnownFileType = text.plist.xml; path = Info.plist; sourceTree = "<group>"; };
/* End PBXFileReference section */

/* Begin PBXFrameworksBuildPhase section */
		37FA074A1BAD235500D682DB /* Frameworks */ = {
			isa = PBXFrameworksBuildPhase;
			buildActionMask = 2147483647;
			files = (
			);
			runOnlyForDeploymentPostprocessing = 0;
		};
/* End PBXFrameworksBuildPhase section */

/* Begin PBXGroup section */
		37FA07441BAD235500D682DB = {
			isa = PBXGroup;
			children = (
				37FA074F1BAD235500D682DB /* DopplMotion */,
				37FA074E1BAD235500D682DB /* Products */,
			);
			sourceTree = "<group>";
		};
		37FA074E1BAD235500D682DB /* Products */ = {
			isa = PBXGroup;
			children = (
				37FA074D1BAD235500D682DB /* DopplMotion.app */,
			);
			name = Products;
			sourceTree = "<group>";
		};
		37FA074F1BAD235500D682DB /* DopplMotion */ = {
			isa = PBXGroup;
			children = (
				37FA07501BAD235500D682DB /* AppDelegate.swift */,
				37FA07521BAD235500D682DB /* ViewController.swift */,
				37FA07541BAD235500D682DB /* Assets.xcassets */,
				37FA07561BAD235500D682DB /* Main.storyboard */,
				37FA07591BAD235500D682DB /* Info.plist */,
			);
			path = DopplMotion;
			sourceTree = "<group>";
		};
/* End PBXGroup section */

/* Begin PBXNativeTarget section */
		37FA074C1BAD235500D682DB /* DopplMotion */ = {
			isa = PBXNativeTarget;
			buildConfigurationList = 37FA075C1BAD235500D682DB /* Build configuration list for PBXNativeTarget "DopplMotion" */;
			buildPhases = (
				37FA07491BAD235500D682DB /* Sources */,
				37FA074A1BAD235500D682DB /* Frameworks */,
				37FA074B1BAD235500D682DB /* Resources */,
			);
			buildRules = (
			);
			dependencies = (
			);
			name = DopplMotion;
			productName = DopplMotion;
			productReference = 37FA074D1BAD235500D682DB /* DopplMotion.app */;
			productType = "com.apple.product-type.application";
		};
/* End PBXNativeTarget section */

/* Begin PBXProject section */
		37FA07451BAD235500D682DB /* Project object */ = {
			isa = PBXProject;
			attributes = {
				LastUpgradeCheck = 0710;
				ORGANIZATIONNAME = "Dan Appel";
				TargetAttributes = {
					37FA074C1BAD235500D682DB = {
						CreatedOnToolsVersion = 7.1;
					};
				};
			};
			buildConfigurationList = 37FA07481BAD235500D682DB /* Build configuration list for PBXProject "DopplMotion" */;
			compatibilityVersion = "Xcode 3.2";
			developmentRegion = English;
			hasScannedForEncodings = 0;
			knownRegions = (
				en,
				Base,
			);
			mainGroup = 37FA07441BAD235500D682DB;
			productRefGroup = 37FA074E1BAD235500D682DB /* Products */;
			projectDirPath = "";
			projectRoot = "";
			targets = (
				37FA074C1BAD235500D682DB /* DopplMotion */,
			);
		};
/* End PBXProject section */

/* Begin PBXResourcesBuildPhase section */
		37FA074B1BAD235500D682DB /* Resources */ = {
			isa = PBXResourcesBuildPhase;
			buildActionMask = 2147483647;
			files = (
				37FA07551BAD235500D682DB /* Assets.xcassets in Resources */,
				37FA07581BAD235500D682DB /* Main.storyboard in Resources */,
			);
			runOnlyForDeploymentPostprocessing = 0;
		};
/* End PBXResourcesBuildPhase section */

/* Begin PBXSourcesBuildPhase section */
		37FA07491BAD235500D682DB /* Sources */ = {
			isa = PBXSourcesBuildPhase;
			buildActionMask = 2147483647;
			files = (
				37FA07531BAD235500D682DB /* ViewController.swift in Sources */,
				37FA07511BAD235500D682DB /* AppDelegate.swift in Sources */,
			);
			runOnlyForDeploymentPostprocessing = 0;
		};
/* End PBXSourcesBuildPhase section */

/* Begin PBXVariantGroup section */
		37FA07561BAD235500D682DB /* Main.storyboard */ = {
			isa = PBXVariantGroup;
			children = (
				37FA07571BAD235500D682DB /* Base */,
			);
			name = Main.storyboard;
			sourceTree = "<group>";
		};
/* End PBXVariantGroup section */

/* Begin XCBuildConfiguration section */
		37FA075A1BAD235500D682DB /* Debug */ = {
			isa = XCBuildConfiguration;
			buildSettings = {
				ALWAYS_SEARCH_USER_PATHS = NO;
				CLANG_CXX_LANGUAGE_STANDARD = "gnu++0x";
				CLANG_CXX_LIBRARY = "libc++";
				CLANG_ENABLE_MODULES = YES;
				CLANG_ENABLE_OBJC_ARC = YES;
				CLANG_WARN_BOOL_CONVERSION = YES;
				CLANG_WARN_CONSTANT_CONVERSION = YES;
				CLANG_WARN_DIRECT_OBJC_ISA_USAGE = YES_ERROR;
				CLANG_WARN_EMPTY_BODY = YES;
				CLANG_WARN_ENUM_CONVERSION = YES;
				CLANG_WARN_INT_CONVERSION = YES;
				CLANG_WARN_OBJC_ROOT_CLASS = YES_ERROR;
				CLANG_WARN_UNREACHABLE_CODE = YES;
				CLANG_WARN__DUPLICATE_METHOD_MATCH = YES;
				CODE_SIGN_IDENTITY = "-";
				COPY_PHASE_STRIP = NO;
				DEBUG_INFORMATION_FORMAT = dwarf;
				ENABLE_STRICT_OBJC_MSGSEND = YES;
				ENABLE_TESTABILITY = YES;
				GCC_C_LANGUAGE_STANDARD = gnu99;
				GCC_DYNAMIC_NO_PIC = NO;
				GCC_NO_COMMON_BLOCKS = YES;
				GCC_OPTIMIZATION_LEVEL = 0;
				GCC_PREPROCESSOR_DEFINITIONS = (
					"DEBUG=1",
					"$(inherited)",
				);
				GCC_WARN_64_TO_32_BIT_CONVERSION = YES;
				GCC_WARN_ABOUT_RETURN_TYPE = YES_ERROR;
				GCC_WARN_UNDECLARED_SELECTOR = YES;
				GCC_WARN_UNINITIALIZED_AUTOS = YES_AGGRESSIVE;
				GCC_WARN_UNUSED_FUNCTION = YES;
				GCC_WARN_UNUSED_VARIABLE = YES;
				MACOSX_DEPLOYMENT_TARGET = 10.10;
				MTL_ENABLE_DEBUG_INFO = YES;
				ONLY_ACTIVE_ARCH = YES;
				SDKROOT = macosx;
				SWIFT_OPTIMIZATION_LEVEL = "-Onone";
			};
			name = Debug;
		};
		37FA075B1BAD235500D682DB /* Release */ = {
			isa = XCBuildConfiguration;
			buildSettings = {
				ALWAYS_SEARCH_USER_PATHS = NO;
				CLANG_CXX_LANGUAGE_STANDARD = "gnu++0x";
				CLANG_CXX_LIBRARY = "libc++";
				CLANG_ENABLE_MODULES = YES;
				CLANG_ENABLE_OBJC_ARC = YES;
				CLANG_WARN_BOOL_CONVERSION = YES;
				CLANG_WARN_CONSTANT_CONVERSION = YES;
				CLANG_WARN_DIRECT_OBJC_ISA_USAGE = YES_ERROR;
				CLANG_WARN_EMPTY_BODY = YES;
				CLANG_WARN_ENUM_CONVERSION = YES;
				CLANG_WARN_INT_CONVERSION = YES;
				CLANG_WARN_OBJC_ROOT_CLASS = YES_ERROR;
				CLANG_WARN_UNREACHABLE_CODE = YES;
				CLANG_WARN__DUPLICATE_METHOD_MATCH = YES;
				CODE_SIGN_IDENTITY = "-";
				COPY_PHASE_STRIP = NO;
				DEBUG_INFORMATION_FORMAT = "dwarf-with-dsym";
				ENABLE_NS_ASSERTIONS = NO;
				ENABLE_STRICT_OBJC_MSGSEND = YES;
				GCC_C_LANGUAGE_STANDARD = gnu99;
				GCC_NO_COMMON_BLOCKS = YES;
				GCC_WARN_64_TO_32_BIT_CONVERSION = YES;
				GCC_WARN_ABOUT_RETURN_TYPE = YES_ERROR;
				GCC_WARN_UNDECLARED_SELECTOR = YES;
				GCC_WARN_UNINITIALIZED_AUTOS = YES_AGGRESSIVE;
				GCC_WARN_UNUSED_FUNCTION = YES;
				GCC_WARN_UNUSED_VARIABLE = YES;
				MACOSX_DEPLOYMENT_TARGET = 10.10;
				MTL_ENABLE_DEBUG_INFO = NO;
				SDKROOT = macosx;
			};
			name = Release;
		};
		37FA075D1BAD235500D682DB /* Debug */ = {
			isa = XCBuildConfiguration;
			buildSettings = {
				ASSETCATALOG_COMPILER_APPICON_NAME = AppIcon;
				COMBINE_HIDPI_IMAGES = YES;
				INFOPLIST_FILE = DopplMotion/Info.plist;
				LD_RUNPATH_SEARCH_PATHS = "$(inherited) @executable_path/../Frameworks";
				PRODUCT_BUNDLE_IDENTIFIER = me.dvappel.DopplMotion;
				PRODUCT_NAME = "$(TARGET_NAME)";
			};
			name = Debug;
		};
		37FA075E1BAD235500D682DB /* Release */ = {
			isa = XCBuildConfiguration;
			buildSettings = {
				ASSETCATALOG_COMPILER_APPICON_NAME = AppIcon;
				COMBINE_HIDPI_IMAGES = YES;
				INFOPLIST_FILE = DopplMotion/Info.plist;
				LD_RUNPATH_SEARCH_PATHS = "$(inherited) @executable_path/../Frameworks";
				PRODUCT_BUNDLE_IDENTIFIER = me.dvappel.DopplMotion;
				PRODUCT_NAME = "$(TARGET_NAME)";
			};
			name = Release;
		};
/* End XCBuildConfiguration section */

/* Begin XCConfigurationList section */
		37FA07481BAD235500D682DB /* Build configuration list for PBXProject "DopplMotion" */ = {
			isa = XCConfigurationList;
			buildConfigurations = (
				37FA075A1BAD235500D682DB /* Debug */,
				37FA075B1BAD235500D682DB /* Release */,
			);
			defaultConfigurationIsVisible = 0;
			defaultConfigurationName = Release;
		};
		37FA075C1BAD235500D682DB /* Build configuration list for PBXNativeTarget "DopplMotion" */ = {
			isa = XCConfigurationList;
			buildConfigurations = (
				37FA075D1BAD235500D682DB /* Debug */,
				37FA075E1BAD235500D682DB /* Release */,
			);
			defaultConfigurationIsVisible = 0;
		};
/* End XCConfigurationList section */
	};
	rootObject = 37FA07451BAD235500D682DB /* Project object */;
}
